
Microsoft Visual Studio Solution File, Format Version 12.00
# Visual Studio 15
VisualStudioVersion = 15.0.28010.2019
MinimumVisualStudioVersion = 10.0.40219.1
Project("{FAE04EC0-301F-11D3-BF4B-00C04F79EFBC}") = "Week08", "Week08\Week08.csproj", "{5B5EA6CE-0119-41C9-AD99-FF9538438EF1}"
EndProject
Global
	GlobalSection(SolutionConfigurationPlatforms) = preSolution
		Debug|Any CPU = Debug|Any CPU
		Release|Any CPU = Release|Any CPU
	EndGlobalSection
	GlobalSection(ProjectConfigurationPlatforms) = postSolution
		{5B5EA6CE-0119-41C9-AD99-FF9538438EF1}.Debug|Any CPU.ActiveCfg = Debug|Any CPU
		{5B5EA6CE-0119-41C9-AD99-FF9538438EF1}.Debug|Any CPU.Build.0 = Debug|Any CPU
		{5B5EA6CE-0119-41C9-AD99-FF9538438EF1}.Release|Any CPU.ActiveCfg = Release|Any CPU
		{5B5EA6CE-0119-41C9-AD99-FF9538438EF1}.Release|Any CPU.Build.0 = Release|Any CPU
	EndGlobalSection
	GlobalSection(SolutionProperties) = preSolution
		HideSolutionNode = FALSE
	EndGlobalSection
	GlobalSection(ExtensibilityGlobals) = postSolution
		SolutionGuid = {91828B1F-F968-4DF5-B845-F8687FF0CFF7}
	EndGlobalSection
EndGlobal
